
Microsoft Visual Studio Solution File, Format Version 12.00
# Visual Studio Version 17
VisualStudioVersion = 17.3.32922.545
MinimumVisualStudioVersion = 10.0.40219.1
Project("{9A19103F-16F7-4668-BE54-9A1E7A4F7556}") = "BookStore", "BookStore\BookStore.csproj", "{2FDE5B52-E854-4C18-A1D7-E8F35AE24B79}"
EndProject
Global
	GlobalSection(SolutionConfigurationPlatforms) = preSolution
		Debug|Any CPU = Debug|Any CPU
		Release|Any CPU = Release|Any CPU
	EndGlobalSection
	GlobalSection(ProjectConfigurationPlatforms) = postSolution
		{2FDE5B52-E854-4C18-A1D7-E8F35AE24B79}.Debug|Any CPU.ActiveCfg = Debug|Any CPU
		{2FDE5B52-E854-4C18-A1D7-E8F35AE24B79}.Debug|Any CPU.Build.0 = Debug|Any CPU
		{2FDE5B52-E854-4C18-A1D7-E8F35AE24B79}.Release|Any CPU.ActiveCfg = Release|Any CPU
		{2FDE5B52-E854-4C18-A1D7-E8F35AE24B79}.Release|Any CPU.Build.0 = Release|Any CPU
	EndGlobalSection
	GlobalSection(SolutionProperties) = preSolution
		HideSolutionNode = FALSE
	EndGlobalSection
	GlobalSection(ExtensibilityGlobals) = postSolution
		SolutionGuid = {CC62E4C5-6846-4122-8C29-BCD76DD84BBE}
	EndGlobalSection
EndGlobal
