
Microsoft Visual Studio Solution File, Format Version 12.00
# Visual Studio Version 17
VisualStudioVersion = 17.3.32922.545
MinimumVisualStudioVersion = 10.0.40219.1
Project("{FAE04EC0-301F-11D3-BF4B-00C04F79EFBC}") = "BookStore", "BookStore\BookStore.csproj", "{2FDE5B52-E854-4C18-A1D7-E8F35AE24B79}"
EndProject
Project("{2150E333-8FDC-42A3-9474-1A3956D46DE8}") = "Solution Items", "Solution Items", "{C221835A-204A-4478-9B79-83B27DAD8B3E}"
	ProjectSection(SolutionItems) = preProject
		.editorconfig = .editorconfig
	EndProjectSection
EndProject
Project("{FAE04EC0-301F-11D3-BF4B-00C04F79EFBC}") = "BookStorebl", "BookStorebl\BookStorebl.csproj", "{FAF1B8CF-3BFC-4994-AC53-FFD54EE8B90B}"
EndProject
Project("{FAE04EC0-301F-11D3-BF4B-00C04F79EFBC}") = "BookStore.DL", "BookStore.DL\BookStore.DL.csproj", "{C652ED34-C0FF-4620-8C92-1E989652C7D6}"
EndProject
Project("{FAE04EC0-301F-11D3-BF4B-00C04F79EFBC}") = "BookStore.Models", "BookStore.Models\BookStore.Models.csproj", "{4CBB6790-6C90-46CB-9DD5-FB0798CD7010}"
EndProject
Project("{FAE04EC0-301F-11D3-BF4B-00C04F79EFBC}") = "BookStore.SL", "BookStore.SL\BookStore.SL.csproj", "{97F2CA24-E129-43EB-9A60-231F6787FF53}"
EndProject
Global
	GlobalSection(SolutionConfigurationPlatforms) = preSolution
		Debug|Any CPU = Debug|Any CPU
		Release|Any CPU = Release|Any CPU
	EndGlobalSection
	GlobalSection(ProjectConfigurationPlatforms) = postSolution
		{2FDE5B52-E854-4C18-A1D7-E8F35AE24B79}.Debug|Any CPU.ActiveCfg = Debug|Any CPU
		{2FDE5B52-E854-4C18-A1D7-E8F35AE24B79}.Debug|Any CPU.Build.0 = Debug|Any CPU
		{2FDE5B52-E854-4C18-A1D7-E8F35AE24B79}.Release|Any CPU.ActiveCfg = Release|Any CPU
		{2FDE5B52-E854-4C18-A1D7-E8F35AE24B79}.Release|Any CPU.Build.0 = Release|Any CPU
		{FAF1B8CF-3BFC-4994-AC53-FFD54EE8B90B}.Debug|Any CPU.ActiveCfg = Debug|Any CPU
		{FAF1B8CF-3BFC-4994-AC53-FFD54EE8B90B}.Debug|Any CPU.Build.0 = Debug|Any CPU
		{FAF1B8CF-3BFC-4994-AC53-FFD54EE8B90B}.Release|Any CPU.ActiveCfg = Release|Any CPU
		{FAF1B8CF-3BFC-4994-AC53-FFD54EE8B90B}.Release|Any CPU.Build.0 = Release|Any CPU
		{C652ED34-C0FF-4620-8C92-1E989652C7D6}.Debug|Any CPU.ActiveCfg = Debug|Any CPU
		{C652ED34-C0FF-4620-8C92-1E989652C7D6}.Debug|Any CPU.Build.0 = Debug|Any CPU
		{C652ED34-C0FF-4620-8C92-1E989652C7D6}.Release|Any CPU.ActiveCfg = Release|Any CPU
		{C652ED34-C0FF-4620-8C92-1E989652C7D6}.Release|Any CPU.Build.0 = Release|Any CPU
		{4CBB6790-6C90-46CB-9DD5-FB0798CD7010}.Debug|Any CPU.ActiveCfg = Debug|Any CPU
		{4CBB6790-6C90-46CB-9DD5-FB0798CD7010}.Debug|Any CPU.Build.0 = Debug|Any CPU
		{4CBB6790-6C90-46CB-9DD5-FB0798CD7010}.Release|Any CPU.ActiveCfg = Release|Any CPU
		{4CBB6790-6C90-46CB-9DD5-FB0798CD7010}.Release|Any CPU.Build.0 = Release|Any CPU
		{97F2CA24-E129-43EB-9A60-231F6787FF53}.Debug|Any CPU.ActiveCfg = Debug|Any CPU
		{97F2CA24-E129-43EB-9A60-231F6787FF53}.Debug|Any CPU.Build.0 = Debug|Any CPU
		{97F2CA24-E129-43EB-9A60-231F6787FF53}.Release|Any CPU.ActiveCfg = Release|Any CPU
		{97F2CA24-E129-43EB-9A60-231F6787FF53}.Release|Any CPU.Build.0 = Release|Any CPU
	EndGlobalSection
	GlobalSection(SolutionProperties) = preSolution
		HideSolutionNode = FALSE
	EndGlobalSection
	GlobalSection(ExtensibilityGlobals) = postSolution
		SolutionGuid = {CC62E4C5-6846-4122-8C29-BCD76DD84BBE}
	EndGlobalSection
EndGlobal
